
Microsoft Visual Studio Solution File, Format Version 12.00
# Visual Studio Version 17
VisualStudioVersion = 17.7.34009.444
MinimumVisualStudioVersion = 10.0.40219.1
Project("{FAE04EC0-301F-11D3-BF4B-00C04F79EFBC}") = "Main_Project", "Main_Project\Main_Project.csproj", "{EBA26089-CA53-461C-B3DE-C05AD9D0C296}"
EndProject
Global
	GlobalSection(SolutionConfigurationPlatforms) = preSolution
		Debug|Any CPU = Debug|Any CPU
		Release|Any CPU = Release|Any CPU
	EndGlobalSection
	GlobalSection(ProjectConfigurationPlatforms) = postSolution
		{EBA26089-CA53-461C-B3DE-C05AD9D0C296}.Debug|Any CPU.ActiveCfg = Debug|Any CPU
		{EBA26089-CA53-461C-B3DE-C05AD9D0C296}.Debug|Any CPU.Build.0 = Debug|Any CPU
		{EBA26089-CA53-461C-B3DE-C05AD9D0C296}.Release|Any CPU.ActiveCfg = Release|Any CPU
		{EBA26089-CA53-461C-B3DE-C05AD9D0C296}.Release|Any CPU.Build.0 = Release|Any CPU
	EndGlobalSection
	GlobalSection(SolutionProperties) = preSolution
		HideSolutionNode = FALSE
	EndGlobalSection
	GlobalSection(ExtensibilityGlobals) = postSolution
		SolutionGuid = {6D575DC2-AB20-4112-9852-C66AC514C0BF}
	EndGlobalSection
EndGlobal
